
Microsoft Visual Studio Solution File, Format Version 12.00
# Visual Studio Version 16
VisualStudioVersion = 16.0.32126.315
MinimumVisualStudioVersion = 10.0.40219.1
Project("{8BC9CEB8-8B4A-11D0-8D11-00A0C91BC942}") = "Queue", "Queue\Queue.vcxproj", "{46B8B6DE-5246-4FA7-8531-91C79DA1AC92}"
EndProject
Global
	GlobalSection(SolutionConfigurationPlatforms) = preSolution
		Debug|x64 = Debug|x64
		Debug|x86 = Debug|x86
		Release|x64 = Release|x64
		Release|x86 = Release|x86
	EndGlobalSection
	GlobalSection(ProjectConfigurationPlatforms) = postSolution
		{46B8B6DE-5246-4FA7-8531-91C79DA1AC92}.Debug|x64.ActiveCfg = Debug|x64
		{46B8B6DE-5246-4FA7-8531-91C79DA1AC92}.Debug|x64.Build.0 = Debug|x64
		{46B8B6DE-5246-4FA7-8531-91C79DA1AC92}.Debug|x86.ActiveCfg = Debug|Win32
		{46B8B6DE-5246-4FA7-8531-91C79DA1AC92}.Debug|x86.Build.0 = Debug|Win32
		{46B8B6DE-5246-4FA7-8531-91C79DA1AC92}.Release|x64.ActiveCfg = Release|x64
		{46B8B6DE-5246-4FA7-8531-91C79DA1AC92}.Release|x64.Build.0 = Release|x64
		{46B8B6DE-5246-4FA7-8531-91C79DA1AC92}.Release|x86.ActiveCfg = Release|Win32
		{46B8B6DE-5246-4FA7-8531-91C79DA1AC92}.Release|x86.Build.0 = Release|Win32
	EndGlobalSection
	GlobalSection(SolutionProperties) = preSolution
		HideSolutionNode = FALSE
	EndGlobalSection
	GlobalSection(ExtensibilityGlobals) = postSolution
		SolutionGuid = {3EBDD47E-171F-4175-B461-7C6FB100F117}
	EndGlobalSection
EndGlobal
